
Microsoft Visual Studio Solution File, Format Version 12.00
Project("{FAE04EC0-301F-11D3-BF4B-00C04F79EFBC}") = "ExpenseTracker", "ExpenseTracker\ExpenseTracker.csproj", "{D853EE66-27D4-46A1-A81B-AE20D0A8864D}"
EndProject
Project("{FAE04EC0-301F-11D3-BF4B-00C04F79EFBC}") = "ExpenseTracker.Domain", "ExpenseTracker.Domain\ExpenseTracker.Domain.csproj", "{D601E836-FFFE-49EF-822B-581370BC452E}"
EndProject
Project("{FAE04EC0-301F-11D3-BF4B-00C04F79EFBC}") = "ExpenseTracker.Persistence", "ExpenseTracker.Persistence\ExpenseTracker.Persistence.csproj", "{649BD753-3238-4B15-A043-5C00BE87E401}"
EndProject
Global
	GlobalSection(SolutionConfigurationPlatforms) = preSolution
		Debug|Any CPU = Debug|Any CPU
		Release|Any CPU = Release|Any CPU
	EndGlobalSection
	GlobalSection(ProjectConfigurationPlatforms) = postSolution
		{D853EE66-27D4-46A1-A81B-AE20D0A8864D}.Debug|Any CPU.ActiveCfg = Debug|Any CPU
		{D853EE66-27D4-46A1-A81B-AE20D0A8864D}.Debug|Any CPU.Build.0 = Debug|Any CPU
		{D853EE66-27D4-46A1-A81B-AE20D0A8864D}.Release|Any CPU.ActiveCfg = Release|Any CPU
		{D853EE66-27D4-46A1-A81B-AE20D0A8864D}.Release|Any CPU.Build.0 = Release|Any CPU
		{D601E836-FFFE-49EF-822B-581370BC452E}.Debug|Any CPU.ActiveCfg = Debug|Any CPU
		{D601E836-FFFE-49EF-822B-581370BC452E}.Debug|Any CPU.Build.0 = Debug|Any CPU
		{D601E836-FFFE-49EF-822B-581370BC452E}.Release|Any CPU.ActiveCfg = Release|Any CPU
		{D601E836-FFFE-49EF-822B-581370BC452E}.Release|Any CPU.Build.0 = Release|Any CPU
		{649BD753-3238-4B15-A043-5C00BE87E401}.Debug|Any CPU.ActiveCfg = Debug|Any CPU
		{649BD753-3238-4B15-A043-5C00BE87E401}.Debug|Any CPU.Build.0 = Debug|Any CPU
		{649BD753-3238-4B15-A043-5C00BE87E401}.Release|Any CPU.ActiveCfg = Release|Any CPU
		{649BD753-3238-4B15-A043-5C00BE87E401}.Release|Any CPU.Build.0 = Release|Any CPU
	EndGlobalSection
EndGlobal
